
Microsoft Visual Studio Solution File, Format Version 11.00
# Visual C# Express 2010
Project("{FAE04EC0-301F-11D3-BF4B-00C04F79EFBC}") = "V_Imaging", "V_Imaging\V_Imaging.csproj", "{FCDE5554-1553-43C4-9554-C1281484CD84}"
EndProject
Project("{FAE04EC0-301F-11D3-BF4B-00C04F79EFBC}") = "V_Mathematics", "..\V_Mathematics\V_Mathematics\V_Mathematics.csproj", "{05D49FA0-CBF3-40D6-B92C-F2D71A0EB587}"
EndProject
Project("{FAE04EC0-301F-11D3-BF4B-00C04F79EFBC}") = "V_DataStruk", "..\V_DataStruk\V_DataStruk\V_DataStruk.csproj", "{C2C84BBA-4CBD-4DA1-9E1E-F9C964196206}"
EndProject
Project("{FAE04EC0-301F-11D3-BF4B-00C04F79EFBC}") = "ImagingTests", "ImagingTests\ImagingTests.csproj", "{4D04F983-9CA6-4712-868D-402244E51DC1}"
EndProject
Global
	GlobalSection(SolutionConfigurationPlatforms) = preSolution
		Debug|Any CPU = Debug|Any CPU
		Debug|Mixed Platforms = Debug|Mixed Platforms
		Debug|x86 = Debug|x86
		Release|Any CPU = Release|Any CPU
		Release|Mixed Platforms = Release|Mixed Platforms
		Release|x86 = Release|x86
	EndGlobalSection
	GlobalSection(ProjectConfigurationPlatforms) = postSolution
		{FCDE5554-1553-43C4-9554-C1281484CD84}.Debug|Any CPU.ActiveCfg = Debug|Any CPU
		{FCDE5554-1553-43C4-9554-C1281484CD84}.Debug|Any CPU.Build.0 = Debug|Any CPU
		{FCDE5554-1553-43C4-9554-C1281484CD84}.Debug|Mixed Platforms.ActiveCfg = Debug|Any CPU
		{FCDE5554-1553-43C4-9554-C1281484CD84}.Debug|Mixed Platforms.Build.0 = Debug|Any CPU
		{FCDE5554-1553-43C4-9554-C1281484CD84}.Debug|x86.ActiveCfg = Debug|Any CPU
		{FCDE5554-1553-43C4-9554-C1281484CD84}.Release|Any CPU.ActiveCfg = Release|Any CPU
		{FCDE5554-1553-43C4-9554-C1281484CD84}.Release|Any CPU.Build.0 = Release|Any CPU
		{FCDE5554-1553-43C4-9554-C1281484CD84}.Release|Mixed Platforms.ActiveCfg = Release|Any CPU
		{FCDE5554-1553-43C4-9554-C1281484CD84}.Release|Mixed Platforms.Build.0 = Release|Any CPU
		{FCDE5554-1553-43C4-9554-C1281484CD84}.Release|x86.ActiveCfg = Release|Any CPU
		{05D49FA0-CBF3-40D6-B92C-F2D71A0EB587}.Debug|Any CPU.ActiveCfg = Debug|Any CPU
		{05D49FA0-CBF3-40D6-B92C-F2D71A0EB587}.Debug|Any CPU.Build.0 = Debug|Any CPU
		{05D49FA0-CBF3-40D6-B92C-F2D71A0EB587}.Debug|Mixed Platforms.ActiveCfg = Debug|Any CPU
		{05D49FA0-CBF3-40D6-B92C-F2D71A0EB587}.Debug|Mixed Platforms.Build.0 = Debug|Any CPU
		{05D49FA0-CBF3-40D6-B92C-F2D71A0EB587}.Debug|x86.ActiveCfg = Debug|Any CPU
		{05D49FA0-CBF3-40D6-B92C-F2D71A0EB587}.Release|Any CPU.ActiveCfg = Release|Any CPU
		{05D49FA0-CBF3-40D6-B92C-F2D71A0EB587}.Release|Any CPU.Build.0 = Release|Any CPU
		{05D49FA0-CBF3-40D6-B92C-F2D71A0EB587}.Release|Mixed Platforms.ActiveCfg = Release|Any CPU
		{05D49FA0-CBF3-40D6-B92C-F2D71A0EB587}.Release|Mixed Platforms.Build.0 = Release|Any CPU
		{05D49FA0-CBF3-40D6-B92C-F2D71A0EB587}.Release|x86.ActiveCfg = Release|Any CPU
		{C2C84BBA-4CBD-4DA1-9E1E-F9C964196206}.Debug|Any CPU.ActiveCfg = Debug|Any CPU
		{C2C84BBA-4CBD-4DA1-9E1E-F9C964196206}.Debug|Any CPU.Build.0 = Debug|Any CPU
		{C2C84BBA-4CBD-4DA1-9E1E-F9C964196206}.Debug|Mixed Platforms.ActiveCfg = Debug|Any CPU
		{C2C84BBA-4CBD-4DA1-9E1E-F9C964196206}.Debug|Mixed Platforms.Build.0 = Debug|Any CPU
		{C2C84BBA-4CBD-4DA1-9E1E-F9C964196206}.Debug|x86.ActiveCfg = Debug|Any CPU
		{C2C84BBA-4CBD-4DA1-9E1E-F9C964196206}.Release|Any CPU.ActiveCfg = Release|Any CPU
		{C2C84BBA-4CBD-4DA1-9E1E-F9C964196206}.Release|Any CPU.Build.0 = Release|Any CPU
		{C2C84BBA-4CBD-4DA1-9E1E-F9C964196206}.Release|Mixed Platforms.ActiveCfg = Release|Any CPU
		{C2C84BBA-4CBD-4DA1-9E1E-F9C964196206}.Release|Mixed Platforms.Build.0 = Release|Any CPU
		{C2C84BBA-4CBD-4DA1-9E1E-F9C964196206}.Release|x86.ActiveCfg = Release|Any CPU
		{4D04F983-9CA6-4712-868D-402244E51DC1}.Debug|Any CPU.ActiveCfg = Debug|x86
		{4D04F983-9CA6-4712-868D-402244E51DC1}.Debug|Mixed Platforms.ActiveCfg = Debug|x86
		{4D04F983-9CA6-4712-868D-402244E51DC1}.Debug|Mixed Platforms.Build.0 = Debug|x86
		{4D04F983-9CA6-4712-868D-402244E51DC1}.Debug|x86.ActiveCfg = Debug|x86
		{4D04F983-9CA6-4712-868D-402244E51DC1}.Debug|x86.Build.0 = Debug|x86
		{4D04F983-9CA6-4712-868D-402244E51DC1}.Release|Any CPU.ActiveCfg = Release|x86
		{4D04F983-9CA6-4712-868D-402244E51DC1}.Release|Mixed Platforms.ActiveCfg = Release|x86
		{4D04F983-9CA6-4712-868D-402244E51DC1}.Release|Mixed Platforms.Build.0 = Release|x86
		{4D04F983-9CA6-4712-868D-402244E51DC1}.Release|x86.ActiveCfg = Release|x86
		{4D04F983-9CA6-4712-868D-402244E51DC1}.Release|x86.Build.0 = Release|x86
	EndGlobalSection
	GlobalSection(SolutionProperties) = preSolution
		HideSolutionNode = FALSE
	EndGlobalSection
EndGlobal
